<?xml version="1.0" encoding="utf-8"?>
<Project ToolsVersion="4.0" xmlns="http://schemas.microsoft.com/developer/msbuild/2003">
  <ItemGroup>
    <Filter Include="소스 파일">
      <UniqueIdentifier>{4FC737F1-C7A5-4376-A066-2A32D752A2FF}</UniqueIdentifier>
      <Extensions>cpp;c;cc;cxx;def;odl;idl;hpj;bat;asm;asmx</Extensions>
    </Filter>
    <Filter Include="헤더 파일">
      <UniqueIdentifier>{93995380-89BD-4b04-88EB-625FBE52EBFB}</UniqueIdentifier>
      <Extensions>h;hh;hpp;hxx;hm;inl;inc;ipp;xsd</Extensions>
    </Filter>
    <Filter Include="리소스 파일">
      <UniqueIdentifier>{67DA6AB6-F800-4c08-8B7A-83BB121AAD01}</UniqueIdentifier>
      <Extensions>rc;ico;cur;bmp;dlg;rc2;rct;bin;rgs;gif;jpg;jpeg;jpe;resx;tiff;tif;png;wav;mfcribbon-ms</Extensions>
    </Filter>
    <Filter Include="소스 파일\3.5">
      <UniqueIdentifier>{8b910dbc-3e40-4c48-ad03-cffdc5d8f3d3}</UniqueIdentifier>
    </Filter>
    <Filter Include="소스 파일\3.8">
      <UniqueIdentifier>{a53f21d1-fc7e-4366-90e7-3cef038a250e}</UniqueIdentifier>
    </Filter>
    <Filter Include="소스 파일\def">
      <UniqueIdentifier>{a84d359f-bdbb-4f9d-b717-b6e50aef8c9d}</UniqueIdentifier>
    </Filter>
    <Filter Include="소스 파일\3.11">
      <UniqueIdentifier>{befce9bc-f449-486d-9b07-24e27c1be376}</UniqueIdentifier>
    </Filter>
  </ItemGroup>
  <ItemGroup>
    <ClInclude Include="stdafx.h">
      <Filter>헤더 파일</Filter>
    </ClInclude>
    <ClInclude Include="targetver.h">
      <Filter>헤더 파일</Filter>
    </ClInclude>
  </ItemGroup>
  <ItemGroup>
    <ClCompile Include="src1.cpp">
      <Filter>소스 파일\3.5</Filter>
    </ClCompile>
    <ClCompile Include="src2.cpp">
      <Filter>소스 파일\3.5</Filter>
    </ClCompile>
    <ClCompile Include="src03081.cpp">
      <Filter>소스 파일\3.8</Filter>
    </ClCompile>
    <ClCompile Include="src03082.cpp">
      <Filter>소스 파일\3.8</Filter>
    </ClCompile>
    <ClCompile Include="src03083.cpp">
      <Filter>소스 파일\3.8</Filter>
    </ClCompile>
    <ClCompile Include="src03084.cpp">
      <Filter>소스 파일\3.8</Filter>
    </ClCompile>
    <ClCompile Include="src03085.cpp">
      <Filter>소스 파일\3.8</Filter>
    </ClCompile>
    <ClCompile Include="srd03086.cpp">
      <Filter>소스 파일\3.8</Filter>
    </ClCompile>
    <ClCompile Include="src0308test.cpp">
      <Filter>소스 파일\3.8</Filter>
    </ClCompile>
    <ClCompile Include="stdafx.cpp">
      <Filter>소스 파일\def</Filter>
    </ClCompile>
    <ClCompile Include="PRG.2019.1.cpp">
      <Filter>소스 파일\def</Filter>
    </ClCompile>
    <ClCompile Include="src03111.cpp">
      <Filter>소스 파일\3.11</Filter>
    </ClCompile>
    <ClCompile Include="src03112.cpp">
      <Filter>소스 파일\3.11</Filter>
    </ClCompile>
    <ClCompile Include="src03113.cpp">
      <Filter>소스 파일\3.11</Filter>
    </ClCompile>
    <ClCompile Include="src03114.cpp">
      <Filter>소스 파일\3.11</Filter>
    </ClCompile>
    <ClCompile Include="src03115.cpp">
      <Filter>소스 파일\3.11</Filter>
    </ClCompile>
    <ClCompile Include="src03116.cpp">
      <Filter>소스 파일\3.11</Filter>
    </ClCompile>
  </ItemGroup>
</Project>